
Microsoft Visual Studio Solution File, Format Version 12.00
# Visual Studio Version 16
VisualStudioVersion = 16.0.32126.315
MinimumVisualStudioVersion = 10.0.40219.1
Project("{8BC9CEB8-8B4A-11D0-8D11-00A0C91BC942}") = "Hearthstone_resocket", "Hearthstone_resocket\Hearthstone_resocket.vcxproj", "{10B55745-0529-40BA-92C5-3094A7F29A65}"
EndProject
Global
	GlobalSection(SolutionConfigurationPlatforms) = preSolution
		Debug|x64 = Debug|x64
		Debug|x86 = Debug|x86
		Release|x64 = Release|x64
		Release|x86 = Release|x86
	EndGlobalSection
	GlobalSection(ProjectConfigurationPlatforms) = postSolution
		{10B55745-0529-40BA-92C5-3094A7F29A65}.Debug|x64.ActiveCfg = Debug|x64
		{10B55745-0529-40BA-92C5-3094A7F29A65}.Debug|x64.Build.0 = Debug|x64
		{10B55745-0529-40BA-92C5-3094A7F29A65}.Debug|x86.ActiveCfg = Debug|Win32
		{10B55745-0529-40BA-92C5-3094A7F29A65}.Debug|x86.Build.0 = Debug|Win32
		{10B55745-0529-40BA-92C5-3094A7F29A65}.Release|x64.ActiveCfg = Release|x64
		{10B55745-0529-40BA-92C5-3094A7F29A65}.Release|x64.Build.0 = Release|x64
		{10B55745-0529-40BA-92C5-3094A7F29A65}.Release|x86.ActiveCfg = Release|Win32
		{10B55745-0529-40BA-92C5-3094A7F29A65}.Release|x86.Build.0 = Release|Win32
	EndGlobalSection
	GlobalSection(SolutionProperties) = preSolution
		HideSolutionNode = FALSE
	EndGlobalSection
	GlobalSection(ExtensibilityGlobals) = postSolution
		SolutionGuid = {58D450C5-F6C4-4C53-8E8A-2E17BC798CF8}
	EndGlobalSection
EndGlobal
